
Microsoft Visual Studio Solution File, Format Version 12.00
# Visual Studio Version 17
VisualStudioVersion = 17.5.33516.290
MinimumVisualStudioVersion = 10.0.40219.1
Project("{FAE04EC0-301F-11D3-BF4B-00C04F79EFBC}") = "Lesson57_Authentication", "Lesson57_Authentication\Lesson57_Authentication.csproj", "{AFD930DF-6894-4FEC-AB2D-0A25A5907DFE}"
EndProject
Global
	GlobalSection(SolutionConfigurationPlatforms) = preSolution
		Debug|Any CPU = Debug|Any CPU
		Release|Any CPU = Release|Any CPU
	EndGlobalSection
	GlobalSection(ProjectConfigurationPlatforms) = postSolution
		{AFD930DF-6894-4FEC-AB2D-0A25A5907DFE}.Debug|Any CPU.ActiveCfg = Debug|Any CPU
		{AFD930DF-6894-4FEC-AB2D-0A25A5907DFE}.Debug|Any CPU.Build.0 = Debug|Any CPU
		{AFD930DF-6894-4FEC-AB2D-0A25A5907DFE}.Release|Any CPU.ActiveCfg = Release|Any CPU
		{AFD930DF-6894-4FEC-AB2D-0A25A5907DFE}.Release|Any CPU.Build.0 = Release|Any CPU
	EndGlobalSection
	GlobalSection(SolutionProperties) = preSolution
		HideSolutionNode = FALSE
	EndGlobalSection
	GlobalSection(ExtensibilityGlobals) = postSolution
		SolutionGuid = {EB47C2BD-1AB7-4029-9C1C-20A28D311EF2}
	EndGlobalSection
EndGlobal
