
Microsoft Visual Studio Solution File, Format Version 12.00
# Visual Studio Version 17
VisualStudioVersion = 17.6.33712.159
MinimumVisualStudioVersion = 10.0.40219.1
Project("{9A19103F-16F7-4668-BE54-9A1E7A4F7556}") = "Lesson77_ApiSignalR", "Lesson77_SignalR\Lesson77_ApiSignalR.csproj", "{70F38017-DE5B-4528-A934-BEB18288059D}"
EndProject
Project("{2150E333-8FDC-42A3-9474-1A3956D46DE8}") = "Элементы решения", "Элементы решения", "{1529C60E-A5D9-49D5-B381-8184C195BD5F}"
	ProjectSection(SolutionItems) = preProject
		docker-compose.yml = docker-compose.yml
	EndProjectSection
EndProject
Project("{FAE04EC0-301F-11D3-BF4B-00C04F79EFBC}") = "Lesson77_BlazorSIgnalR", "Lesson77_BlazorSIgnalR\Lesson77_BlazorSIgnalR.csproj", "{B58CD910-5251-40B4-ABA7-587C9D5A097F}"
EndProject
Global
	GlobalSection(SolutionConfigurationPlatforms) = preSolution
		Debug|Any CPU = Debug|Any CPU
		Release|Any CPU = Release|Any CPU
	EndGlobalSection
	GlobalSection(ProjectConfigurationPlatforms) = postSolution
		{70F38017-DE5B-4528-A934-BEB18288059D}.Debug|Any CPU.ActiveCfg = Debug|Any CPU
		{70F38017-DE5B-4528-A934-BEB18288059D}.Debug|Any CPU.Build.0 = Debug|Any CPU
		{70F38017-DE5B-4528-A934-BEB18288059D}.Release|Any CPU.ActiveCfg = Release|Any CPU
		{70F38017-DE5B-4528-A934-BEB18288059D}.Release|Any CPU.Build.0 = Release|Any CPU
		{B58CD910-5251-40B4-ABA7-587C9D5A097F}.Debug|Any CPU.ActiveCfg = Debug|Any CPU
		{B58CD910-5251-40B4-ABA7-587C9D5A097F}.Debug|Any CPU.Build.0 = Debug|Any CPU
		{B58CD910-5251-40B4-ABA7-587C9D5A097F}.Release|Any CPU.ActiveCfg = Release|Any CPU
		{B58CD910-5251-40B4-ABA7-587C9D5A097F}.Release|Any CPU.Build.0 = Release|Any CPU
	EndGlobalSection
	GlobalSection(SolutionProperties) = preSolution
		HideSolutionNode = FALSE
	EndGlobalSection
	GlobalSection(ExtensibilityGlobals) = postSolution
		SolutionGuid = {80586B1C-CD81-413B-BED1-D817E2941E39}
	EndGlobalSection
EndGlobal
