
Microsoft Visual Studio Solution File, Format Version 12.00
# Visual Studio Version 17
VisualStudioVersion = 17.5.33516.290
MinimumVisualStudioVersion = 10.0.40219.1
Project("{FAE04EC0-301F-11D3-BF4B-00C04F79EFBC}") = "WebApplication1", "WebApplication1\WebApplication1.csproj", "{33D9CA0A-1B99-4385-ACF3-AB77A9C9FFEF}"
EndProject
Global
	GlobalSection(SolutionConfigurationPlatforms) = preSolution
		Debug|Any CPU = Debug|Any CPU
		Release|Any CPU = Release|Any CPU
	EndGlobalSection
	GlobalSection(ProjectConfigurationPlatforms) = postSolution
		{33D9CA0A-1B99-4385-ACF3-AB77A9C9FFEF}.Debug|Any CPU.ActiveCfg = Debug|Any CPU
		{33D9CA0A-1B99-4385-ACF3-AB77A9C9FFEF}.Debug|Any CPU.Build.0 = Debug|Any CPU
		{33D9CA0A-1B99-4385-ACF3-AB77A9C9FFEF}.Release|Any CPU.ActiveCfg = Release|Any CPU
		{33D9CA0A-1B99-4385-ACF3-AB77A9C9FFEF}.Release|Any CPU.Build.0 = Release|Any CPU
	EndGlobalSection
	GlobalSection(SolutionProperties) = preSolution
		HideSolutionNode = FALSE
	EndGlobalSection
	GlobalSection(ExtensibilityGlobals) = postSolution
		SolutionGuid = {2AFE6F7F-02DD-4C1F-868D-A3343D02A67A}
	EndGlobalSection
EndGlobal
