
Microsoft Visual Studio Solution File, Format Version 12.00
# Visual Studio Version 17
VisualStudioVersion = 17.5.33516.290
MinimumVisualStudioVersion = 10.0.40219.1
Project("{9A19103F-16F7-4668-BE54-9A1E7A4F7556}") = "Lesson56_AuthorHundler", "Lesson56_AuthHundler\Lesson56_AuthorHundler.csproj", "{364A7E98-EB04-4ECD-9954-CBE4A37032AE}"
EndProject
Project("{9A19103F-16F7-4668-BE54-9A1E7A4F7556}") = "FilterExample", "FilterExample\FilterExample.csproj", "{6D4462BD-67B2-47F7-A1E0-087323030C13}"
EndProject
Global
	GlobalSection(SolutionConfigurationPlatforms) = preSolution
		Debug|Any CPU = Debug|Any CPU
		Release|Any CPU = Release|Any CPU
	EndGlobalSection
	GlobalSection(ProjectConfigurationPlatforms) = postSolution
		{364A7E98-EB04-4ECD-9954-CBE4A37032AE}.Debug|Any CPU.ActiveCfg = Debug|Any CPU
		{364A7E98-EB04-4ECD-9954-CBE4A37032AE}.Debug|Any CPU.Build.0 = Debug|Any CPU
		{364A7E98-EB04-4ECD-9954-CBE4A37032AE}.Release|Any CPU.ActiveCfg = Release|Any CPU
		{364A7E98-EB04-4ECD-9954-CBE4A37032AE}.Release|Any CPU.Build.0 = Release|Any CPU
		{6D4462BD-67B2-47F7-A1E0-087323030C13}.Debug|Any CPU.ActiveCfg = Debug|Any CPU
		{6D4462BD-67B2-47F7-A1E0-087323030C13}.Debug|Any CPU.Build.0 = Debug|Any CPU
		{6D4462BD-67B2-47F7-A1E0-087323030C13}.Release|Any CPU.ActiveCfg = Release|Any CPU
		{6D4462BD-67B2-47F7-A1E0-087323030C13}.Release|Any CPU.Build.0 = Release|Any CPU
	EndGlobalSection
	GlobalSection(SolutionProperties) = preSolution
		HideSolutionNode = FALSE
	EndGlobalSection
	GlobalSection(ExtensibilityGlobals) = postSolution
		SolutionGuid = {7B7508A5-9C8D-4DD6-8A95-16F763088DBE}
	EndGlobalSection
EndGlobal
