
Microsoft Visual Studio Solution File, Format Version 12.00
# Visual Studio Version 17
VisualStudioVersion = 17.4.33403.182
MinimumVisualStudioVersion = 10.0.40219.1
Project("{FAE04EC0-301F-11D3-BF4B-00C04F79EFBC}") = "Lesson_19", "Lesson_19\Lesson_19.csproj", "{77BAF6D4-E2B9-4BAB-ADEE-365D7AE7CED3}"
EndProject
Global
	GlobalSection(SolutionConfigurationPlatforms) = preSolution
		Debug|Any CPU = Debug|Any CPU
		Release|Any CPU = Release|Any CPU
	EndGlobalSection
	GlobalSection(ProjectConfigurationPlatforms) = postSolution
		{77BAF6D4-E2B9-4BAB-ADEE-365D7AE7CED3}.Debug|Any CPU.ActiveCfg = Debug|Any CPU
		{77BAF6D4-E2B9-4BAB-ADEE-365D7AE7CED3}.Debug|Any CPU.Build.0 = Debug|Any CPU
		{77BAF6D4-E2B9-4BAB-ADEE-365D7AE7CED3}.Release|Any CPU.ActiveCfg = Release|Any CPU
		{77BAF6D4-E2B9-4BAB-ADEE-365D7AE7CED3}.Release|Any CPU.Build.0 = Release|Any CPU
	EndGlobalSection
	GlobalSection(SolutionProperties) = preSolution
		HideSolutionNode = FALSE
	EndGlobalSection
	GlobalSection(ExtensibilityGlobals) = postSolution
		SolutionGuid = {7AFA9C59-4473-41BF-AF93-48B56C2F8EBD}
	EndGlobalSection
EndGlobal
