
Microsoft Visual Studio Solution File, Format Version 12.00
# Visual Studio Version 17
VisualStudioVersion = 17.4.33213.308
MinimumVisualStudioVersion = 10.0.40219.1
Project("{FAE04EC0-301F-11D3-BF4B-00C04F79EFBC}") = "Lessons_7_Dictionary_QuizApp", "Lessons_7_Dictionary_QuizApp\Lessons_7_Dictionary_QuizApp.csproj", "{ABF52469-3AF5-4D40-ACE0-06B7B49710B5}"
EndProject
Global
	GlobalSection(SolutionConfigurationPlatforms) = preSolution
		Debug|Any CPU = Debug|Any CPU
		Release|Any CPU = Release|Any CPU
	EndGlobalSection
	GlobalSection(ProjectConfigurationPlatforms) = postSolution
		{ABF52469-3AF5-4D40-ACE0-06B7B49710B5}.Debug|Any CPU.ActiveCfg = Debug|Any CPU
		{ABF52469-3AF5-4D40-ACE0-06B7B49710B5}.Debug|Any CPU.Build.0 = Debug|Any CPU
		{ABF52469-3AF5-4D40-ACE0-06B7B49710B5}.Release|Any CPU.ActiveCfg = Release|Any CPU
		{ABF52469-3AF5-4D40-ACE0-06B7B49710B5}.Release|Any CPU.Build.0 = Release|Any CPU
	EndGlobalSection
	GlobalSection(SolutionProperties) = preSolution
		HideSolutionNode = FALSE
	EndGlobalSection
	GlobalSection(ExtensibilityGlobals) = postSolution
		SolutionGuid = {43574A67-4E64-48C4-A89C-F9984B198AA4}
	EndGlobalSection
EndGlobal
