
Microsoft Visual Studio Solution File, Format Version 12.00
# Visual Studio Version 17
VisualStudioVersion = 17.4.33403.182
MinimumVisualStudioVersion = 10.0.40219.1
Project("{9A19103F-16F7-4668-BE54-9A1E7A4F7556}") = "Lesson_9_Class_Qiuzapp", "Lesson_11_Class_Qiuzapp\Lesson_9_Class_Qiuzapp.csproj", "{5ABC1809-4D2E-4BE6-BC22-D4B69FFA38C4}"
EndProject
Global
	GlobalSection(SolutionConfigurationPlatforms) = preSolution
		Debug|Any CPU = Debug|Any CPU
		Release|Any CPU = Release|Any CPU
	EndGlobalSection
	GlobalSection(ProjectConfigurationPlatforms) = postSolution
		{5ABC1809-4D2E-4BE6-BC22-D4B69FFA38C4}.Debug|Any CPU.ActiveCfg = Debug|Any CPU
		{5ABC1809-4D2E-4BE6-BC22-D4B69FFA38C4}.Debug|Any CPU.Build.0 = Debug|Any CPU
		{5ABC1809-4D2E-4BE6-BC22-D4B69FFA38C4}.Release|Any CPU.ActiveCfg = Release|Any CPU
		{5ABC1809-4D2E-4BE6-BC22-D4B69FFA38C4}.Release|Any CPU.Build.0 = Release|Any CPU
	EndGlobalSection
	GlobalSection(SolutionProperties) = preSolution
		HideSolutionNode = FALSE
	EndGlobalSection
	GlobalSection(ExtensibilityGlobals) = postSolution
		SolutionGuid = {D0F6769C-F6E0-41E9-ACFA-05091FBABEA2}
	EndGlobalSection
EndGlobal
