
Microsoft Visual Studio Solution File, Format Version 12.00
# Visual Studio Version 17
VisualStudioVersion = 17.4.33403.182
MinimumVisualStudioVersion = 10.0.40219.1
Project("{FAE04EC0-301F-11D3-BF4B-00C04F79EFBC}") = "Lesson_Record", "Lesson_Record\Lesson_Record.csproj", "{C12FED40-7331-4929-941A-EF892F34885B}"
EndProject
Global
	GlobalSection(SolutionConfigurationPlatforms) = preSolution
		Debug|Any CPU = Debug|Any CPU
		Release|Any CPU = Release|Any CPU
	EndGlobalSection
	GlobalSection(ProjectConfigurationPlatforms) = postSolution
		{C12FED40-7331-4929-941A-EF892F34885B}.Debug|Any CPU.ActiveCfg = Debug|Any CPU
		{C12FED40-7331-4929-941A-EF892F34885B}.Debug|Any CPU.Build.0 = Debug|Any CPU
		{C12FED40-7331-4929-941A-EF892F34885B}.Release|Any CPU.ActiveCfg = Release|Any CPU
		{C12FED40-7331-4929-941A-EF892F34885B}.Release|Any CPU.Build.0 = Release|Any CPU
	EndGlobalSection
	GlobalSection(SolutionProperties) = preSolution
		HideSolutionNode = FALSE
	EndGlobalSection
	GlobalSection(ExtensibilityGlobals) = postSolution
		SolutionGuid = {DC972498-0550-4206-B5E5-45B49FEE53D5}
	EndGlobalSection
EndGlobal
