
Microsoft Visual Studio Solution File, Format Version 12.00
# Visual Studio Version 17
VisualStudioVersion = 17.4.33213.308
MinimumVisualStudioVersion = 10.0.40219.1
Project("{FAE04EC0-301F-11D3-BF4B-00C04F79EFBC}") = "Lesson_11_Class", "Lesson_11_Class\Lesson_11_Class.csproj", "{D0190609-62B3-4D88-B5F0-8734A83FEE41}"
EndProject
Global
	GlobalSection(SolutionConfigurationPlatforms) = preSolution
		Debug|Any CPU = Debug|Any CPU
		Release|Any CPU = Release|Any CPU
	EndGlobalSection
	GlobalSection(ProjectConfigurationPlatforms) = postSolution
		{D0190609-62B3-4D88-B5F0-8734A83FEE41}.Debug|Any CPU.ActiveCfg = Debug|Any CPU
		{D0190609-62B3-4D88-B5F0-8734A83FEE41}.Debug|Any CPU.Build.0 = Debug|Any CPU
		{D0190609-62B3-4D88-B5F0-8734A83FEE41}.Release|Any CPU.ActiveCfg = Release|Any CPU
		{D0190609-62B3-4D88-B5F0-8734A83FEE41}.Release|Any CPU.Build.0 = Release|Any CPU
	EndGlobalSection
	GlobalSection(SolutionProperties) = preSolution
		HideSolutionNode = FALSE
	EndGlobalSection
	GlobalSection(ExtensibilityGlobals) = postSolution
		SolutionGuid = {1A0AB715-8845-45C5-88F6-F6352065F972}
	EndGlobalSection
EndGlobal
